
Microsoft Visual Studio Solution File, Format Version 12.00
# Visual Studio Version 17
VisualStudioVersion = 17.10.35004.147
MinimumVisualStudioVersion = 10.0.40219.1
Project("{FAE04EC0-301F-11D3-BF4B-00C04F79EFBC}") = "Adventure Game 3", "Adventure Game 3\Adventure Game 3.csproj", "{09F4E544-FBF7-4470-BEAC-1CAE1E7FF610}"
EndProject
Global
	GlobalSection(SolutionConfigurationPlatforms) = preSolution
		Debug|Any CPU = Debug|Any CPU
		Release|Any CPU = Release|Any CPU
	EndGlobalSection
	GlobalSection(ProjectConfigurationPlatforms) = postSolution
		{09F4E544-FBF7-4470-BEAC-1CAE1E7FF610}.Debug|Any CPU.ActiveCfg = Debug|Any CPU
		{09F4E544-FBF7-4470-BEAC-1CAE1E7FF610}.Debug|Any CPU.Build.0 = Debug|Any CPU
		{09F4E544-FBF7-4470-BEAC-1CAE1E7FF610}.Release|Any CPU.ActiveCfg = Release|Any CPU
		{09F4E544-FBF7-4470-BEAC-1CAE1E7FF610}.Release|Any CPU.Build.0 = Release|Any CPU
	EndGlobalSection
	GlobalSection(SolutionProperties) = preSolution
		HideSolutionNode = FALSE
	EndGlobalSection
	GlobalSection(ExtensibilityGlobals) = postSolution
		SolutionGuid = {C1226E50-95BC-4899-94C0-98776E680D5C}
	EndGlobalSection
EndGlobal
